
Microsoft Visual Studio Solution File, Format Version 12.00
# Visual Studio Version 18
VisualStudioVersion = 18.4.11612.150 stable
MinimumVisualStudioVersion = 10.0.40219.1
Project("{FAE04EC0-301F-11D3-BF4B-00C04F79EFBC}") = "CyberSecurityBotPart2", "CyberSecurityBotPart2.csproj", "{D926E20A-293A-0F11-50BF-3DA8A778533E}"
EndProject
Global
	GlobalSection(SolutionConfigurationPlatforms) = preSolution
		Debug|Any CPU = Debug|Any CPU
		Release|Any CPU = Release|Any CPU
	EndGlobalSection
	GlobalSection(ProjectConfigurationPlatforms) = postSolution
		{D926E20A-293A-0F11-50BF-3DA8A778533E}.Debug|Any CPU.ActiveCfg = Debug|Any CPU
		{D926E20A-293A-0F11-50BF-3DA8A778533E}.Debug|Any CPU.Build.0 = Debug|Any CPU
		{D926E20A-293A-0F11-50BF-3DA8A778533E}.Release|Any CPU.ActiveCfg = Release|Any CPU
		{D926E20A-293A-0F11-50BF-3DA8A778533E}.Release|Any CPU.Build.0 = Release|Any CPU
	EndGlobalSection
	GlobalSection(SolutionProperties) = preSolution
		HideSolutionNode = FALSE
	EndGlobalSection
	GlobalSection(ExtensibilityGlobals) = postSolution
		SolutionGuid = {F5BA0691-585A-490F-95DB-FD38DF7FF9DD}
	EndGlobalSection
EndGlobal
